// !$*UTF8*$!
{
	archiveVersion = 1;
	classes = {
	};
	objectVersion = 50;
	objects = {

/* Begin PBXBuildFile section */
		A131AE1F23B4CDB400DC301E /* AppDelegate.swift in Sources */ = {isa = PBXBuildFile; fileRef = A131AE1E23B4CDB400DC301E /* AppDelegate.swift */; };
		A131AE2123B4CDB400DC301E /* SceneDelegate.swift in Sources */ = {isa = PBXBuildFile; fileRef = A131AE2023B4CDB400DC301E /* SceneDelegate.swift */; };
		A131AE2323B4CDB400DC301E /* ViewController.swift in Sources */ = {isa = PBXBuildFile; fileRef = A131AE2223B4CDB400DC301E /* ViewController.swift */; };
		A131AE2623B4CDB400DC301E /* Main.storyboard in Resources */ = {isa = PBXBuildFile; fileRef = A131AE2423B4CDB400DC301E /* Main.storyboard */; };
		A131AE2823B4CDB400DC301E /* Assets.xcassets in Resources */ = {isa = PBXBuildFile; fileRef = A131AE2723B4CDB400DC301E /* Assets.xcassets */; };
		A131AE2B23B4CDB400DC301E /* LaunchScreen.storyboard in Resources */ = {isa = PBXBuildFile; fileRef = A131AE2923B4CDB400DC301E /* LaunchScreen.storyboard */; };
		A131AE3623B4CDB400DC301E /* GeofenceArreaTests.swift in Sources */ = {isa = PBXBuildFile; fileRef = A131AE3523B4CDB400DC301E /* GeofenceArreaTests.swift */; };
/* End PBXBuildFile section */

/* Begin PBXContainerItemProxy section */
		A131AE3223B4CDB400DC301E /* PBXContainerItemProxy */ = {
			isa = PBXContainerItemProxy;
			containerPortal = A131AE1323B4CDB400DC301E /* Project object */;
			proxyType = 1;
			remoteGlobalIDString = A131AE1A23B4CDB400DC301E;
			remoteInfo = GeofenceArrea;
		};
/* End PBXContainerItemProxy section */

/* Begin PBXFileReference section */
		A131AE1B23B4CDB400DC301E /* GeofenceArrea.app */ = {isa = PBXFileReference; explicitFileType = wrapper.application; includeInIndex = 0; path = GeofenceArrea.app; sourceTree = BUILT_PRODUCTS_DIR; };
		A131AE1E23B4CDB400DC301E /* AppDelegate.swift */ = {isa = PBXFileReference; lastKnownFileType = sourcecode.swift; path = AppDelegate.swift; sourceTree = "<group>"; };
		A131AE2023B4CDB400DC301E /* SceneDelegate.swift */ = {isa = PBXFileReference; lastKnownFileType = sourcecode.swift; path = SceneDelegate.swift; sourceTree = "<group>"; };
		A131AE2223B4CDB400DC301E /* ViewController.swift */ = {isa = PBXFileReference; lastKnownFileType = sourcecode.swift; path = ViewController.swift; sourceTree = "<group>"; };
		A131AE2523B4CDB400DC301E /* Base */ = {isa = PBXFileReference; lastKnownFileType = file.storyboard; name = Base; path = Base.lproj/Main.storyboard; sourceTree = "<group>"; };
		A131AE2723B4CDB400DC301E /* Assets.xcassets */ = {isa = PBXFileReference; lastKnownFileType = folder.assetcatalog; path = Assets.xcassets; sourceTree = "<group>"; };
		A131AE2A23B4CDB400DC301E /* Base */ = {isa = PBXFileReference; lastKnownFileType = file.storyboard; name = Base; path = Base.lproj/LaunchScreen.storyboard; sourceTree = "<group>"; };
		A131AE2C23B4CDB400DC301E /* Info.plist */ = {isa = PBXFileReference; lastKnownFileType = text.plist.xml; path = Info.plist; sourceTree = "<group>"; };
		A131AE3123B4CDB400DC301E /* GeofenceArreaTests.xctest */ = {isa = PBXFileReference; explicitFileType = wrapper.cfbundle; includeInIndex = 0; path = GeofenceArreaTests.xctest; sourceTree = BUILT_PRODUCTS_DIR; };
		A131AE3523B4CDB400DC301E /* GeofenceArreaTests.swift */ = {isa = PBXFileReference; lastKnownFileType = sourcecode.swift; path = GeofenceArreaTests.swift; sourceTree = "<group>"; };
		A131AE3723B4CDB400DC301E /* Info.plist */ = {isa = PBXFileReference; lastKnownFileType = text.plist.xml; path = Info.plist; sourceTree = "<group>"; };
/* End PBXFileReference section */

/* Begin PBXFrameworksBuildPhase section */
		A131AE1823B4CDB400DC301E /* Frameworks */ = {
			isa = PBXFrameworksBuildPhase;
			buildActionMask = 2147483647;
			files = (
			);
			runOnlyForDeploymentPostprocessing = 0;
		};
		A131AE2E23B4CDB400DC301E /* Frameworks */ = {
			isa = PBXFrameworksBuildPhase;
			buildActionMask = 2147483647;
			files = (
			);
			runOnlyForDeploymentPostprocessing = 0;
		};
/* End PBXFrameworksBuildPhase section */

/* Begin PBXGroup section */
		A131AE1223B4CDB400DC301E = {
			isa = PBXGroup;
			children = (
				A131AE1D23B4CDB400DC301E /* GeofenceArrea */,
				A131AE3423B4CDB400DC301E /* GeofenceArreaTests */,
				A131AE1C23B4CDB400DC301E /* Products */,
			);
			sourceTree = "<group>";
		};
		A131AE1C23B4CDB400DC301E /* Products */ = {
			isa = PBXGroup;
			children = (
				A131AE1B23B4CDB400DC301E /* GeofenceArrea.app */,
				A131AE3123B4CDB400DC301E /* GeofenceArreaTests.xctest */,
			);
			name = Products;
			sourceTree = "<group>";
		};
		A131AE1D23B4CDB400DC301E /* GeofenceArrea */ = {
			isa = PBXGroup;
			children = (
				A131AE1E23B4CDB400DC301E /* AppDelegate.swift */,
				A131AE2023B4CDB400DC301E /* SceneDelegate.swift */,
				A131AE2223B4CDB400DC301E /* ViewController.swift */,
				A131AE2423B4CDB400DC301E /* Main.storyboard */,
				A131AE2723B4CDB400DC301E /* Assets.xcassets */,
				A131AE2923B4CDB400DC301E /* LaunchScreen.storyboard */,
				A131AE2C23B4CDB400DC301E /* Info.plist */,
			);
			path = GeofenceArrea;
			sourceTree = "<group>";
		};
		A131AE3423B4CDB400DC301E /* GeofenceArreaTests */ = {
			isa = PBXGroup;
			children = (
				A131AE3523B4CDB400DC301E /* GeofenceArreaTests.swift */,
				A131AE3723B4CDB400DC301E /* Info.plist */,
			);
			path = GeofenceArreaTests;
			sourceTree = "<group>";
		};
/* End PBXGroup section */

/* Begin PBXNativeTarget section */
		A131AE1A23B4CDB400DC301E /* GeofenceArrea */ = {
			isa = PBXNativeTarget;
			buildConfigurationList = A131AE3A23B4CDB400DC301E /* Build configuration list for PBXNativeTarget "GeofenceArrea" */;
			buildPhases = (
				A131AE1723B4CDB400DC301E /* Sources */,
				A131AE1823B4CDB400DC301E /* Frameworks */,
				A131AE1923B4CDB400DC301E /* Resources */,
			);
			buildRules = (
			);
			dependencies = (
			);
			name = GeofenceArrea;
			productName = GeofenceArrea;
			productReference = A131AE1B23B4CDB400DC301E /* GeofenceArrea.app */;
			productType = "com.apple.product-type.application";
		};
		A131AE3023B4CDB400DC301E /* GeofenceArreaTests */ = {
			isa = PBXNativeTarget;
			buildConfigurationList = A131AE3D23B4CDB400DC301E /* Build configuration list for PBXNativeTarget "GeofenceArreaTests" */;
			buildPhases = (
				A131AE2D23B4CDB400DC301E /* Sources */,
				A131AE2E23B4CDB400DC301E /* Frameworks */,
				A131AE2F23B4CDB400DC301E /* Resources */,
			);
			buildRules = (
			);
			dependencies = (
				A131AE3323B4CDB400DC301E /* PBXTargetDependency */,
			);
			name = GeofenceArreaTests;
			productName = GeofenceArreaTests;
			productReference = A131AE3123B4CDB400DC301E /* GeofenceArreaTests.xctest */;
			productType = "com.apple.product-type.bundle.unit-test";
		};
/* End PBXNativeTarget section */

/* Begin PBXProject section */
		A131AE1323B4CDB400DC301E /* Project object */ = {
			isa = PBXProject;
			attributes = {
				LastSwiftUpdateCheck = 1100;
				LastUpgradeCheck = 1100;
				ORGANIZATIONNAME = "Naeem Paracha";
				TargetAttributes = {
					A131AE1A23B4CDB400DC301E = {
						CreatedOnToolsVersion = 11.0;
					};
					A131AE3023B4CDB400DC301E = {
						CreatedOnToolsVersion = 11.0;
						TestTargetID = A131AE1A23B4CDB400DC301E;
					};
				};
			};
			buildConfigurationList = A131AE1623B4CDB400DC301E /* Build configuration list for PBXProject "GeofenceArrea" */;
			compatibilityVersion = "Xcode 9.3";
			developmentRegion = en;
			hasScannedForEncodings = 0;
			knownRegions = (
				en,
				Base,
			);
			mainGroup = A131AE1223B4CDB400DC301E;
			productRefGroup = A131AE1C23B4CDB400DC301E /* Products */;
			projectDirPath = "";
			projectRoot = "";
			targets = (
				A131AE1A23B4CDB400DC301E /* GeofenceArrea */,
				A131AE3023B4CDB400DC301E /* GeofenceArreaTests */,
			);
		};
/* End PBXProject section */

/* Begin PBXResourcesBuildPhase section */
		A131AE1923B4CDB400DC301E /* Resources */ = {
			isa = PBXResourcesBuildPhase;
			buildActionMask = 2147483647;
			files = (
				A131AE2B23B4CDB400DC301E /* LaunchScreen.storyboard in Resources */,
				A131AE2823B4CDB400DC301E /* Assets.xcassets in Resources */,
				A131AE2623B4CDB400DC301E /* Main.storyboard in Resources */,
			);
			runOnlyForDeploymentPostprocessing = 0;
		};
		A131AE2F23B4CDB400DC301E /* Resources */ = {
			isa = PBXResourcesBuildPhase;
			buildActionMask = 2147483647;
			files = (
			);
			runOnlyForDeploymentPostprocessing = 0;
		};
/* End PBXResourcesBuildPhase section */

/* Begin PBXSourcesBuildPhase section */
		A131AE1723B4CDB400DC301E /* Sources */ = {
			isa = PBXSourcesBuildPhase;
			buildActionMask = 2147483647;
			files = (
				A131AE2323B4CDB400DC301E /* ViewController.swift in Sources */,
				A131AE1F23B4CDB400DC301E /* AppDelegate.swift in Sources */,
				A131AE2123B4CDB400DC301E /* SceneDelegate.swift in Sources */,
			);
			runOnlyForDeploymentPostprocessing = 0;
		};
		A131AE2D23B4CDB400DC301E /* Sources */ = {
			isa = PBXSourcesBuildPhase;
			buildActionMask = 2147483647;
			files = (
				A131AE3623B4CDB400DC301E /* GeofenceArreaTests.swift in Sources */,
			);
			runOnlyForDeploymentPostprocessing = 0;
		};
/* End PBXSourcesBuildPhase section */

/* Begin PBXTargetDependency section */
		A131AE3323B4CDB400DC301E /* PBXTargetDependency */ = {
			isa = PBXTargetDependency;
			target = A131AE1A23B4CDB400DC301E /* GeofenceArrea */;
			targetProxy = A131AE3223B4CDB400DC301E /* PBXContainerItemProxy */;
		};
/* End PBXTargetDependency section */

/* Begin PBXVariantGroup section */
		A131AE2423B4CDB400DC301E /* Main.storyboard */ = {
			isa = PBXVariantGroup;
			children = (
				A131AE2523B4CDB400DC301E /* Base */,
			);
			name = Main.storyboard;
			sourceTree = "<group>";
		};
		A131AE2923B4CDB400DC301E /* LaunchScreen.storyboard */ = {
			isa = PBXVariantGroup;
			children = (
				A131AE2A23B4CDB400DC301E /* Base */,
			);
			name = LaunchScreen.storyboard;
			sourceTree = "<group>";
		};
/* End PBXVariantGroup section */

/* Begin XCBuildConfiguration section */
		A131AE3823B4CDB400DC301E /* Debug */ = {
			isa = XCBuildConfiguration;
			buildSettings = {
				ALWAYS_SEARCH_USER_PATHS = NO;
				CLANG_ANALYZER_NONNULL = YES;
				CLANG_ANALYZER_NUMBER_OBJECT_CONVERSION = YES_AGGRESSIVE;
				CLANG_CXX_LANGUAGE_STANDARD = "gnu++14";
				CLANG_CXX_LIBRARY = "libc++";
				CLANG_ENABLE_MODULES = YES;
				CLANG_ENABLE_OBJC_ARC = YES;
				CLANG_ENABLE_OBJC_WEAK = YES;
				CLANG_WARN_BLOCK_CAPTURE_AUTORELEASING = YES;
				CLANG_WARN_BOOL_CONVERSION = YES;
				CLANG_WARN_COMMA = YES;
				CLANG_WARN_CONSTANT_CONVERSION = YES;
				CLANG_WARN_DEPRECATED_OBJC_IMPLEMENTATIONS = YES;
				CLANG_WARN_DIRECT_OBJC_ISA_USAGE = YES_ERROR;
				CLANG_WARN_DOCUMENTATION_COMMENTS = YES;
				CLANG_WARN_EMPTY_BODY = YES;
				CLANG_WARN_ENUM_CONVERSION = YES;
				CLANG_WARN_INFINITE_RECURSION = YES;
				CLANG_WARN_INT_CONVERSION = YES;
				CLANG_WARN_NON_LITERAL_NULL_CONVERSION = YES;
				CLANG_WARN_OBJC_IMPLICIT_RETAIN_SELF = YES;
				CLANG_WARN_OBJC_LITERAL_CONVERSION = YES;
				CLANG_WARN_OBJC_ROOT_CLASS = YES_ERROR;
				CLANG_WARN_RANGE_LOOP_ANALYSIS = YES;
				CLANG_WARN_STRICT_PROTOTYPES = YES;
				CLANG_WARN_SUSPICIOUS_MOVE = YES;
				CLANG_WARN_UNGUARDED_AVAILABILITY = YES_AGGRESSIVE;
				CLANG_WARN_UNREACHABLE_CODE = YES;
				CLANG_WARN__DUPLICATE_METHOD_MATCH = YES;
				COPY_PHASE_STRIP = NO;
				DEBUG_INFORMATION_FORMAT = dwarf;
				ENABLE_STRICT_OBJC_MSGSEND = YES;
				ENABLE_TESTABILITY = YES;
				GCC_C_LANGUAGE_STANDARD = gnu11;
				GCC_DYNAMIC_NO_PIC = NO;
				GCC_NO_COMMON_BLOCKS = YES;
				GCC_OPTIMIZATION_LEVEL = 0;
				GCC_PREPROCESSOR_DEFINITIONS = (
					"DEBUG=1",
					"$(inherited)",
				);
				GCC_WARN_64_TO_32_BIT_CONVERSION = YES;
				GCC_WARN_ABOUT_RETURN_TYPE = YES_ERROR;
				GCC_WARN_UNDECLARED_SELECTOR = YES;
				GCC_WARN_UNINITIALIZED_AUTOS = YES_AGGRESSIVE;
				GCC_WARN_UNUSED_FUNCTION = YES;
				GCC_WARN_UNUSED_VARIABLE = YES;
				IPHONEOS_DEPLOYMENT_TARGET = 13.0;
				MTL_ENABLE_DEBUG_INFO = INCLUDE_SOURCE;
				MTL_FAST_MATH = YES;
				ONLY_ACTIVE_ARCH = YES;
				SDKROOT = iphoneos;
				SWIFT_ACTIVE_COMPILATION_CONDITIONS = DEBUG;
				SWIFT_OPTIMIZATION_LEVEL = "-Onone";
			};
			name = Debug;
		};
		A131AE3923B4CDB400DC301E /* Release */ = {
			isa = XCBuildConfiguration;
			buildSettings = {
				ALWAYS_SEARCH_USER_PATHS = NO;
				CLANG_ANALYZER_NONNULL = YES;
				CLANG_ANALYZER_NUMBER_OBJECT_CONVERSION = YES_AGGRESSIVE;
				CLANG_CXX_LANGUAGE_STANDARD = "gnu++14";
				CLANG_CXX_LIBRARY = "libc++";
				CLANG_ENABLE_MODULES = YES;
				CLANG_ENABLE_OBJC_ARC = YES;
				CLANG_ENABLE_OBJC_WEAK = YES;
				CLANG_WARN_BLOCK_CAPTURE_AUTORELEASING = YES;
				CLANG_WARN_BOOL_CONVERSION = YES;
				CLANG_WARN_COMMA = YES;
				CLANG_WARN_CONSTANT_CONVERSION = YES;
				CLANG_WARN_DEPRECATED_OBJC_IMPLEMENTATIONS = YES;
				CLANG_WARN_DIRECT_OBJC_ISA_USAGE = YES_ERROR;
				CLANG_WARN_DOCUMENTATION_COMMENTS = YES;
				CLANG_WARN_EMPTY_BODY = YES;
				CLANG_WARN_ENUM_CONVERSION = YES;
				CLANG_WARN_INFINITE_RECURSION = YES;
				CLANG_WARN_INT_CONVERSION = YES;
				CLANG_WARN_NON_LITERAL_NULL_CONVERSION = YES;
				CLANG_WARN_OBJC_IMPLICIT_RETAIN_SELF = YES;
				CLANG_WARN_OBJC_LITERAL_CONVERSION = YES;
				CLANG_WARN_OBJC_ROOT_CLASS = YES_ERROR;
				CLANG_WARN_RANGE_LOOP_ANALYSIS = YES;
				CLANG_WARN_STRICT_PROTOTYPES = YES;
				CLANG_WARN_SUSPICIOUS_MOVE = YES;
				CLANG_WARN_UNGUARDED_AVAILABILITY = YES_AGGRESSIVE;
				CLANG_WARN_UNREACHABLE_CODE = YES;
				CLANG_WARN__DUPLICATE_METHOD_MATCH = YES;
				COPY_PHASE_STRIP = NO;
				DEBUG_INFORMATION_FORMAT = "dwarf-with-dsym";
				ENABLE_NS_ASSERTIONS = NO;
				ENABLE_STRICT_OBJC_MSGSEND = YES;
				GCC_C_LANGUAGE_STANDARD = gnu11;
				GCC_NO_COMMON_BLOCKS = YES;
				GCC_WARN_64_TO_32_BIT_CONVERSION = YES;
				GCC_WARN_ABOUT_RETURN_TYPE = YES_ERROR;
				GCC_WARN_UNDECLARED_SELECTOR = YES;
				GCC_WARN_UNINITIALIZED_AUTOS = YES_AGGRESSIVE;
				GCC_WARN_UNUSED_FUNCTION = YES;
				GCC_WARN_UNUSED_VARIABLE = YES;
				IPHONEOS_DEPLOYMENT_TARGET = 13.0;
				MTL_ENABLE_DEBUG_INFO = NO;
				MTL_FAST_MATH = YES;
				SDKROOT = iphoneos;
				SWIFT_COMPILATION_MODE = wholemodule;
				SWIFT_OPTIMIZATION_LEVEL = "-O";
				VALIDATE_PRODUCT = YES;
			};
			name = Release;
		};
		A131AE3B23B4CDB400DC301E /* Debug */ = {
			isa = XCBuildConfiguration;
			buildSettings = {
				ASSETCATALOG_COMPILER_APPICON_NAME = AppIcon;
				CODE_SIGN_STYLE = Automatic;
				DEVELOPMENT_TEAM = 3QAW5JU6CN;
				INFOPLIST_FILE = GeofenceArrea/Info.plist;
				LD_RUNPATH_SEARCH_PATHS = (
					"$(inherited)",
					"@executable_path/Frameworks",
				);
				PRODUCT_BUNDLE_IDENTIFIER = NP.GeofenceArrea;
				PRODUCT_NAME = "$(TARGET_NAME)";
				SWIFT_VERSION = 5.0;
				TARGETED_DEVICE_FAMILY = "1,2";
			};
			name = Debug;
		};
		A131AE3C23B4CDB400DC301E /* Release */ = {
			isa = XCBuildConfiguration;
			buildSettings = {
				ASSETCATALOG_COMPILER_APPICON_NAME = AppIcon;
				CODE_SIGN_STYLE = Automatic;
				DEVELOPMENT_TEAM = 3QAW5JU6CN;
				INFOPLIST_FILE = GeofenceArrea/Info.plist;
				LD_RUNPATH_SEARCH_PATHS = (
					"$(inherited)",
					"@executable_path/Frameworks",
				);
				PRODUCT_BUNDLE_IDENTIFIER = NP.GeofenceArrea;
				PRODUCT_NAME = "$(TARGET_NAME)";
				SWIFT_VERSION = 5.0;
				TARGETED_DEVICE_FAMILY = "1,2";
			};
			name = Release;
		};
		A131AE3E23B4CDB400DC301E /* Debug */ = {
			isa = XCBuildConfiguration;
			buildSettings = {
				ALWAYS_EMBED_SWIFT_STANDARD_LIBRARIES = YES;
				BUNDLE_LOADER = "$(TEST_HOST)";
				CODE_SIGN_STYLE = Automatic;
				DEVELOPMENT_TEAM = 3QAW5JU6CN;
				INFOPLIST_FILE = GeofenceArreaTests/Info.plist;
				IPHONEOS_DEPLOYMENT_TARGET = 13.0;
				LD_RUNPATH_SEARCH_PATHS = (
					"$(inherited)",
					"@executable_path/Frameworks",
					"@loader_path/Frameworks",
				);
				PRODUCT_BUNDLE_IDENTIFIER = NP.GeofenceArreaTests;
				PRODUCT_NAME = "$(TARGET_NAME)";
				SWIFT_VERSION = 5.0;
				TARGETED_DEVICE_FAMILY = "1,2";
				TEST_HOST = "$(BUILT_PRODUCTS_DIR)/GeofenceArrea.app/GeofenceArrea";
			};
			name = Debug;
		};
		A131AE3F23B4CDB400DC301E /* Release */ = {
			isa = XCBuildConfiguration;
			buildSettings = {
				ALWAYS_EMBED_SWIFT_STANDARD_LIBRARIES = YES;
				BUNDLE_LOADER = "$(TEST_HOST)";
				CODE_SIGN_STYLE = Automatic;
				DEVELOPMENT_TEAM = 3QAW5JU6CN;
				INFOPLIST_FILE = GeofenceArreaTests/Info.plist;
				IPHONEOS_DEPLOYMENT_TARGET = 13.0;
				LD_RUNPATH_SEARCH_PATHS = (
					"$(inherited)",
					"@executable_path/Frameworks",
					"@loader_path/Frameworks",
				);
				PRODUCT_BUNDLE_IDENTIFIER = NP.GeofenceArreaTests;
				PRODUCT_NAME = "$(TARGET_NAME)";
				SWIFT_VERSION = 5.0;
				TARGETED_DEVICE_FAMILY = "1,2";
				TEST_HOST = "$(BUILT_PRODUCTS_DIR)/GeofenceArrea.app/GeofenceArrea";
			};
			name = Release;
		};
/* End XCBuildConfiguration section */

/* Begin XCConfigurationList section */
		A131AE1623B4CDB400DC301E /* Build configuration list for PBXProject "GeofenceArrea" */ = {
			isa = XCConfigurationList;
			buildConfigurations = (
				A131AE3823B4CDB400DC301E /* Debug */,
				A131AE3923B4CDB400DC301E /* Release */,
			);
			defaultConfigurationIsVisible = 0;
			defaultConfigurationName = Release;
		};
		A131AE3A23B4CDB400DC301E /* Build configuration list for PBXNativeTarget "GeofenceArrea" */ = {
			isa = XCConfigurationList;
			buildConfigurations = (
				A131AE3B23B4CDB400DC301E /* Debug */,
				A131AE3C23B4CDB400DC301E /* Release */,
			);
			defaultConfigurationIsVisible = 0;
			defaultConfigurationName = Release;
		};
		A131AE3D23B4CDB400DC301E /* Build configuration list for PBXNativeTarget "GeofenceArreaTests" */ = {
			isa = XCConfigurationList;
			buildConfigurations = (
				A131AE3E23B4CDB400DC301E /* Debug */,
				A131AE3F23B4CDB400DC301E /* Release */,
			);
			defaultConfigurationIsVisible = 0;
			defaultConfigurationName = Release;
		};
/* End XCConfigurationList section */
	};
	rootObject = A131AE1323B4CDB400DC301E /* Project object */;
}
